
Microsoft Visual Studio Solution File, Format Version 12.00
# Visual Studio Version 16
VisualStudioVersion = 16.0.33529.622
MinimumVisualStudioVersion = 10.0.40219.1
Project("{8BC9CEB8-8B4A-11D0-8D11-00A0C91BC942}") = "Car", "Car\Car.vcxproj", "{9BE44314-D1C1-4607-81AD-3F3077B239AE}"
EndProject
Project("{8BC9CEB8-8B4A-11D0-8D11-00A0C91BC942}") = "car_tests", "car_tests\car_tests.vcxproj", "{7FED69A4-D8A2-433B-8EE3-DA6B34504D78}"
EndProject
Global
	GlobalSection(SolutionConfigurationPlatforms) = preSolution
		Debug|x64 = Debug|x64
		Debug|x86 = Debug|x86
		Release|x64 = Release|x64
		Release|x86 = Release|x86
	EndGlobalSection
	GlobalSection(ProjectConfigurationPlatforms) = postSolution
		{9BE44314-D1C1-4607-81AD-3F3077B239AE}.Debug|x64.ActiveCfg = Debug|x64
		{9BE44314-D1C1-4607-81AD-3F3077B239AE}.Debug|x64.Build.0 = Debug|x64
		{9BE44314-D1C1-4607-81AD-3F3077B239AE}.Debug|x86.ActiveCfg = Debug|Win32
		{9BE44314-D1C1-4607-81AD-3F3077B239AE}.Debug|x86.Build.0 = Debug|Win32
		{9BE44314-D1C1-4607-81AD-3F3077B239AE}.Release|x64.ActiveCfg = Release|x64
		{9BE44314-D1C1-4607-81AD-3F3077B239AE}.Release|x64.Build.0 = Release|x64
		{9BE44314-D1C1-4607-81AD-3F3077B239AE}.Release|x86.ActiveCfg = Release|Win32
		{9BE44314-D1C1-4607-81AD-3F3077B239AE}.Release|x86.Build.0 = Release|Win32
		{7FED69A4-D8A2-433B-8EE3-DA6B34504D78}.Debug|x64.ActiveCfg = Debug|x64
		{7FED69A4-D8A2-433B-8EE3-DA6B34504D78}.Debug|x64.Build.0 = Debug|x64
		{7FED69A4-D8A2-433B-8EE3-DA6B34504D78}.Debug|x86.ActiveCfg = Debug|Win32
		{7FED69A4-D8A2-433B-8EE3-DA6B34504D78}.Debug|x86.Build.0 = Debug|Win32
		{7FED69A4-D8A2-433B-8EE3-DA6B34504D78}.Release|x64.ActiveCfg = Release|x64
		{7FED69A4-D8A2-433B-8EE3-DA6B34504D78}.Release|x64.Build.0 = Release|x64
		{7FED69A4-D8A2-433B-8EE3-DA6B34504D78}.Release|x86.ActiveCfg = Release|Win32
		{7FED69A4-D8A2-433B-8EE3-DA6B34504D78}.Release|x86.Build.0 = Release|Win32
	EndGlobalSection
	GlobalSection(SolutionProperties) = preSolution
		HideSolutionNode = FALSE
	EndGlobalSection
	GlobalSection(ExtensibilityGlobals) = postSolution
		SolutionGuid = {DA36FD16-553E-4DE6-95D3-BD339C4EDA64}
	EndGlobalSection
EndGlobal
